
Microsoft Visual Studio Solution File, Format Version 12.00
# Visual Studio 15
VisualStudioVersion = 15.0.27004.2005
MinimumVisualStudioVersion = 10.0.40219.1
Project("{2150E333-8FDC-42A3-9474-1A3956D46DE8}") = "Engine", "Engine", "{FD948D68-B504-4CCF-8288-497FE51C057A}"
EndProject
Project("{2150E333-8FDC-42A3-9474-1A3956D46DE8}") = "Games", "Games", "{8053EC9F-D77B-4BB4-A665-B721AD265F83}"
EndProject
Project("{8BC9CEB8-8B4A-11D0-8D11-00A0C91BC942}") = "UE4", "Intermediate\ProjectFiles\UE4.vcxproj", "{444681D0-C4F5-45BC-9BAC-8A692CF17FD3}"
EndProject
Project("{8BC9CEB8-8B4A-11D0-8D11-00A0C91BC942}") = "Bomberman", "Intermediate\ProjectFiles\Bomberman.vcxproj", "{5E27FB7C-3167-41E1-A733-F5A63B4AEE35}"
EndProject
Global
	GlobalSection(SolutionConfigurationPlatforms) = preSolution
		DebugGame Editor|HTML5 = DebugGame Editor|HTML5
		DebugGame Editor|Win32 = DebugGame Editor|Win32
		DebugGame Editor|Win64 = DebugGame Editor|Win64
		DebugGame|HTML5 = DebugGame|HTML5
		DebugGame|Win32 = DebugGame|Win32
		DebugGame|Win64 = DebugGame|Win64
		Development Editor|HTML5 = Development Editor|HTML5
		Development Editor|Win32 = Development Editor|Win32
		Development Editor|Win64 = Development Editor|Win64
		Development|HTML5 = Development|HTML5
		Development|Win32 = Development|Win32
		Development|Win64 = Development|Win64
		Shipping|HTML5 = Shipping|HTML5
		Shipping|Win32 = Shipping|Win32
		Shipping|Win64 = Shipping|Win64
	EndGlobalSection
	GlobalSection(ProjectConfigurationPlatforms) = postSolution
		{444681D0-C4F5-45BC-9BAC-8A692CF17FD3}.DebugGame Editor|HTML5.ActiveCfg = BuiltWithUnrealBuildTool|Win32
		{444681D0-C4F5-45BC-9BAC-8A692CF17FD3}.DebugGame Editor|HTML5.Build.0 = BuiltWithUnrealBuildTool|Win32
		{444681D0-C4F5-45BC-9BAC-8A692CF17FD3}.DebugGame Editor|Win32.ActiveCfg = BuiltWithUnrealBuildTool|Win32
		{444681D0-C4F5-45BC-9BAC-8A692CF17FD3}.DebugGame Editor|Win32.Build.0 = BuiltWithUnrealBuildTool|Win32
		{444681D0-C4F5-45BC-9BAC-8A692CF17FD3}.DebugGame Editor|Win64.ActiveCfg = BuiltWithUnrealBuildTool|Win32
		{444681D0-C4F5-45BC-9BAC-8A692CF17FD3}.DebugGame Editor|Win64.Build.0 = BuiltWithUnrealBuildTool|Win32
		{444681D0-C4F5-45BC-9BAC-8A692CF17FD3}.DebugGame|HTML5.ActiveCfg = BuiltWithUnrealBuildTool|Win32
		{444681D0-C4F5-45BC-9BAC-8A692CF17FD3}.DebugGame|HTML5.Build.0 = BuiltWithUnrealBuildTool|Win32
		{444681D0-C4F5-45BC-9BAC-8A692CF17FD3}.DebugGame|Win32.ActiveCfg = BuiltWithUnrealBuildTool|Win32
		{444681D0-C4F5-45BC-9BAC-8A692CF17FD3}.DebugGame|Win32.Build.0 = BuiltWithUnrealBuildTool|Win32
		{444681D0-C4F5-45BC-9BAC-8A692CF17FD3}.DebugGame|Win64.ActiveCfg = BuiltWithUnrealBuildTool|Win32
		{444681D0-C4F5-45BC-9BAC-8A692CF17FD3}.DebugGame|Win64.Build.0 = BuiltWithUnrealBuildTool|Win32
		{444681D0-C4F5-45BC-9BAC-8A692CF17FD3}.Development Editor|HTML5.ActiveCfg = BuiltWithUnrealBuildTool|Win32
		{444681D0-C4F5-45BC-9BAC-8A692CF17FD3}.Development Editor|HTML5.Build.0 = BuiltWithUnrealBuildTool|Win32
		{444681D0-C4F5-45BC-9BAC-8A692CF17FD3}.Development Editor|Win32.ActiveCfg = BuiltWithUnrealBuildTool|Win32
		{444681D0-C4F5-45BC-9BAC-8A692CF17FD3}.Development Editor|Win32.Build.0 = BuiltWithUnrealBuildTool|Win32
		{444681D0-C4F5-45BC-9BAC-8A692CF17FD3}.Development Editor|Win64.ActiveCfg = BuiltWithUnrealBuildTool|Win32
		{444681D0-C4F5-45BC-9BAC-8A692CF17FD3}.Development Editor|Win64.Build.0 = BuiltWithUnrealBuildTool|Win32
		{444681D0-C4F5-45BC-9BAC-8A692CF17FD3}.Development|HTML5.ActiveCfg = BuiltWithUnrealBuildTool|Win32
		{444681D0-C4F5-45BC-9BAC-8A692CF17FD3}.Development|HTML5.Build.0 = BuiltWithUnrealBuildTool|Win32
		{444681D0-C4F5-45BC-9BAC-8A692CF17FD3}.Development|Win32.ActiveCfg = BuiltWithUnrealBuildTool|Win32
		{444681D0-C4F5-45BC-9BAC-8A692CF17FD3}.Development|Win32.Build.0 = BuiltWithUnrealBuildTool|Win32
		{444681D0-C4F5-45BC-9BAC-8A692CF17FD3}.Development|Win64.ActiveCfg = BuiltWithUnrealBuildTool|Win32
		{444681D0-C4F5-45BC-9BAC-8A692CF17FD3}.Development|Win64.Build.0 = BuiltWithUnrealBuildTool|Win32
		{444681D0-C4F5-45BC-9BAC-8A692CF17FD3}.Shipping|HTML5.ActiveCfg = BuiltWithUnrealBuildTool|Win32
		{444681D0-C4F5-45BC-9BAC-8A692CF17FD3}.Shipping|HTML5.Build.0 = BuiltWithUnrealBuildTool|Win32
		{444681D0-C4F5-45BC-9BAC-8A692CF17FD3}.Shipping|Win32.ActiveCfg = BuiltWithUnrealBuildTool|Win32
		{444681D0-C4F5-45BC-9BAC-8A692CF17FD3}.Shipping|Win32.Build.0 = BuiltWithUnrealBuildTool|Win32
		{444681D0-C4F5-45BC-9BAC-8A692CF17FD3}.Shipping|Win64.ActiveCfg = BuiltWithUnrealBuildTool|Win32
		{444681D0-C4F5-45BC-9BAC-8A692CF17FD3}.Shipping|Win64.Build.0 = BuiltWithUnrealBuildTool|Win32
		{5E27FB7C-3167-41E1-A733-F5A63B4AEE35}.DebugGame Editor|HTML5.ActiveCfg = HTML5_DebugGame_Editor|Win32
		{5E27FB7C-3167-41E1-A733-F5A63B4AEE35}.DebugGame Editor|Win32.ActiveCfg = DebugGame_Editor|Win32
		{5E27FB7C-3167-41E1-A733-F5A63B4AEE35}.DebugGame Editor|Win64.ActiveCfg = DebugGame_Editor|x64
		{5E27FB7C-3167-41E1-A733-F5A63B4AEE35}.DebugGame Editor|Win64.Build.0 = DebugGame_Editor|x64
		{5E27FB7C-3167-41E1-A733-F5A63B4AEE35}.DebugGame|HTML5.ActiveCfg = HTML5_DebugGame_Game|Win32
		{5E27FB7C-3167-41E1-A733-F5A63B4AEE35}.DebugGame|HTML5.Build.0 = HTML5_DebugGame_Game|Win32
		{5E27FB7C-3167-41E1-A733-F5A63B4AEE35}.DebugGame|Win32.ActiveCfg = DebugGame_Game|Win32
		{5E27FB7C-3167-41E1-A733-F5A63B4AEE35}.DebugGame|Win32.Build.0 = DebugGame_Game|Win32
		{5E27FB7C-3167-41E1-A733-F5A63B4AEE35}.DebugGame|Win64.ActiveCfg = DebugGame_Game|x64
		{5E27FB7C-3167-41E1-A733-F5A63B4AEE35}.DebugGame|Win64.Build.0 = DebugGame_Game|x64
		{5E27FB7C-3167-41E1-A733-F5A63B4AEE35}.Development Editor|HTML5.ActiveCfg = HTML5_Development_Editor|Win32
		{5E27FB7C-3167-41E1-A733-F5A63B4AEE35}.Development Editor|Win32.ActiveCfg = Development_Editor|Win32
		{5E27FB7C-3167-41E1-A733-F5A63B4AEE35}.Development Editor|Win64.ActiveCfg = Development_Editor|x64
		{5E27FB7C-3167-41E1-A733-F5A63B4AEE35}.Development Editor|Win64.Build.0 = Development_Editor|x64
		{5E27FB7C-3167-41E1-A733-F5A63B4AEE35}.Development|HTML5.ActiveCfg = HTML5_Development_Game|Win32
		{5E27FB7C-3167-41E1-A733-F5A63B4AEE35}.Development|HTML5.Build.0 = HTML5_Development_Game|Win32
		{5E27FB7C-3167-41E1-A733-F5A63B4AEE35}.Development|Win32.ActiveCfg = Development_Game|Win32
		{5E27FB7C-3167-41E1-A733-F5A63B4AEE35}.Development|Win32.Build.0 = Development_Game|Win32
		{5E27FB7C-3167-41E1-A733-F5A63B4AEE35}.Development|Win64.ActiveCfg = Development_Game|x64
		{5E27FB7C-3167-41E1-A733-F5A63B4AEE35}.Development|Win64.Build.0 = Development_Game|x64
		{5E27FB7C-3167-41E1-A733-F5A63B4AEE35}.Shipping|HTML5.ActiveCfg = HTML5_Shipping_Game|Win32
		{5E27FB7C-3167-41E1-A733-F5A63B4AEE35}.Shipping|HTML5.Build.0 = HTML5_Shipping_Game|Win32
		{5E27FB7C-3167-41E1-A733-F5A63B4AEE35}.Shipping|Win32.ActiveCfg = Shipping_Game|Win32
		{5E27FB7C-3167-41E1-A733-F5A63B4AEE35}.Shipping|Win32.Build.0 = Shipping_Game|Win32
		{5E27FB7C-3167-41E1-A733-F5A63B4AEE35}.Shipping|Win64.ActiveCfg = Shipping_Game|x64
		{5E27FB7C-3167-41E1-A733-F5A63B4AEE35}.Shipping|Win64.Build.0 = Shipping_Game|x64
	EndGlobalSection
	GlobalSection(SolutionProperties) = preSolution
		HideSolutionNode = FALSE
	EndGlobalSection
	GlobalSection(NestedProjects) = preSolution
		{444681D0-C4F5-45BC-9BAC-8A692CF17FD3} = {FD948D68-B504-4CCF-8288-497FE51C057A}
		{5E27FB7C-3167-41E1-A733-F5A63B4AEE35} = {8053EC9F-D77B-4BB4-A665-B721AD265F83}
	EndGlobalSection
	GlobalSection(ExtensibilityGlobals) = postSolution
		SolutionGuid = {4719CCE8-B7C6-417C-B85C-55FCB0A4C4D9}
	EndGlobalSection
EndGlobal
